// !$*UTF8*$!
{
	archiveVersion = 1;
	classes = {
	};
	objectVersion = 50;
	objects = {

/* Begin PBXBuildFile section */
		9917941121C4EC4200FB3BEE /* ViewModel.framework in Frameworks */ = {isa = PBXBuildFile; fileRef = 9917941021C4EC4200FB3BEE /* ViewModel.framework */; };
		9917941521C4EF8E00FB3BEE /* SwinjectStoryboard.swift in Sources */ = {isa = PBXBuildFile; fileRef = 9917941421C4EF8E00FB3BEE /* SwinjectStoryboard.swift */; };
		9917941721C4EFE600FB3BEE /* Swinject.framework in Frameworks */ = {isa = PBXBuildFile; fileRef = 9917941621C4EFE600FB3BEE /* Swinject.framework */; };
		9917941921C4EFE600FB3BEE /* SwinjectStoryboard.framework in Frameworks */ = {isa = PBXBuildFile; fileRef = 9917941821C4EFE600FB3BEE /* SwinjectStoryboard.framework */; };
		9917941B21C5010900FB3BEE /* TabBarController.swift in Sources */ = {isa = PBXBuildFile; fileRef = 9917941A21C5010900FB3BEE /* TabBarController.swift */; };
		9947073A21C12AD40097F847 /* AppDelegate.swift in Sources */ = {isa = PBXBuildFile; fileRef = 9947073921C12AD40097F847 /* AppDelegate.swift */; };
		9947073C21C12AD40097F847 /* MoviesTableViewController.swift in Sources */ = {isa = PBXBuildFile; fileRef = 9947073B21C12AD40097F847 /* MoviesTableViewController.swift */; };
		9947073E21C12AD40097F847 /* MoviesCollectionViewController.swift in Sources */ = {isa = PBXBuildFile; fileRef = 9947073D21C12AD40097F847 /* MoviesCollectionViewController.swift */; };
		9947074121C12AD40097F847 /* Main.storyboard in Resources */ = {isa = PBXBuildFile; fileRef = 9947073F21C12AD40097F847 /* Main.storyboard */; };
		9947074321C12AD50097F847 /* Assets.xcassets in Resources */ = {isa = PBXBuildFile; fileRef = 9947074221C12AD50097F847 /* Assets.xcassets */; };
		9947074621C12AD50097F847 /* LaunchScreen.storyboard in Resources */ = {isa = PBXBuildFile; fileRef = 9947074421C12AD50097F847 /* LaunchScreen.storyboard */; };
		99CD751B21C2848B00382BEA /* MovieDetailsViewController.swift in Sources */ = {isa = PBXBuildFile; fileRef = 99CD751A21C2848B00382BEA /* MovieDetailsViewController.swift */; };
		99CD754B21C29E7100382BEA /* Model.framework in Frameworks */ = {isa = PBXBuildFile; fileRef = 99CD754A21C29E7100382BEA /* Model.framework */; };
/* End PBXBuildFile section */

/* Begin PBXContainerItemProxy section */
		991793FB21C4E30C00FB3BEE /* PBXContainerItemProxy */ = {
			isa = PBXContainerItemProxy;
			containerPortal = 991793F721C4E30C00FB3BEE /* ViewModelInterface.xcodeproj */;
			proxyType = 2;
			remoteGlobalIDString = 991793E621C4E2FB00FB3BEE;
			remoteInfo = ViewModelInterface;
		};
/* End PBXContainerItemProxy section */

/* Begin PBXFileReference section */
		2989B3A8A49415B8C5EACBB4 /* Pods-BoostCamp.debug.xcconfig */ = {isa = PBXFileReference; includeInIndex = 1; lastKnownFileType = text.xcconfig; name = "Pods-BoostCamp.debug.xcconfig"; path = "Target Support Files/Pods-BoostCamp/Pods-BoostCamp.debug.xcconfig"; sourceTree = "<group>"; };
		38A336833705A663B3400F0B /* Pods_BoostCamp.framework */ = {isa = PBXFileReference; explicitFileType = wrapper.framework; includeInIndex = 0; path = Pods_BoostCamp.framework; sourceTree = BUILT_PRODUCTS_DIR; };
		51B0CB3B86A28F5074CA5E35 /* Pods-BoostCamp.release.xcconfig */ = {isa = PBXFileReference; includeInIndex = 1; lastKnownFileType = text.xcconfig; name = "Pods-BoostCamp.release.xcconfig"; path = "Target Support Files/Pods-BoostCamp/Pods-BoostCamp.release.xcconfig"; sourceTree = "<group>"; };
		991793F721C4E30C00FB3BEE /* ViewModelInterface.xcodeproj */ = {isa = PBXFileReference; lastKnownFileType = "wrapper.pb-project"; name = ViewModelInterface.xcodeproj; path = ViewModelInterface/ViewModelInterface.xcodeproj; sourceTree = SOURCE_ROOT; };
		9917941021C4EC4200FB3BEE /* ViewModel.framework */ = {isa = PBXFileReference; explicitFileType = wrapper.framework; path = ViewModel.framework; sourceTree = BUILT_PRODUCTS_DIR; };
		9917941421C4EF8E00FB3BEE /* SwinjectStoryboard.swift */ = {isa = PBXFileReference; lastKnownFileType = sourcecode.swift; path = SwinjectStoryboard.swift; sourceTree = "<group>"; };
		9917941621C4EFE600FB3BEE /* Swinject.framework */ = {isa = PBXFileReference; explicitFileType = wrapper.framework; path = Swinject.framework; sourceTree = BUILT_PRODUCTS_DIR; };
		9917941821C4EFE600FB3BEE /* SwinjectStoryboard.framework */ = {isa = PBXFileReference; explicitFileType = wrapper.framework; path = SwinjectStoryboard.framework; sourceTree = BUILT_PRODUCTS_DIR; };
		9917941A21C5010900FB3BEE /* TabBarController.swift */ = {isa = PBXFileReference; lastKnownFileType = sourcecode.swift; path = TabBarController.swift; sourceTree = "<group>"; };
		9947073621C12AD40097F847 /* BoostCamp.app */ = {isa = PBXFileReference; explicitFileType = wrapper.application; includeInIndex = 0; path = BoostCamp.app; sourceTree = BUILT_PRODUCTS_DIR; };
		9947073921C12AD40097F847 /* AppDelegate.swift */ = {isa = PBXFileReference; lastKnownFileType = sourcecode.swift; path = AppDelegate.swift; sourceTree = "<group>"; };
		9947073B21C12AD40097F847 /* MoviesTableViewController.swift */ = {isa = PBXFileReference; lastKnownFileType = sourcecode.swift; path = MoviesTableViewController.swift; sourceTree = "<group>"; };
		9947073D21C12AD40097F847 /* MoviesCollectionViewController.swift */ = {isa = PBXFileReference; lastKnownFileType = sourcecode.swift; path = MoviesCollectionViewController.swift; sourceTree = "<group>"; };
		9947074021C12AD40097F847 /* Base */ = {isa = PBXFileReference; lastKnownFileType = file.storyboard; name = Base; path = Base.lproj/Main.storyboard; sourceTree = "<group>"; };
		9947074221C12AD50097F847 /* Assets.xcassets */ = {isa = PBXFileReference; lastKnownFileType = folder.assetcatalog; path = Assets.xcassets; sourceTree = "<group>"; };
		9947074521C12AD50097F847 /* Base */ = {isa = PBXFileReference; lastKnownFileType = file.storyboard; name = Base; path = Base.lproj/LaunchScreen.storyboard; sourceTree = "<group>"; };
		9947074721C12AD50097F847 /* Info.plist */ = {isa = PBXFileReference; lastKnownFileType = text.plist.xml; path = Info.plist; sourceTree = "<group>"; };
		999AF41721C4DA6800D08154 /* ViewModel.framework */ = {isa = PBXFileReference; explicitFileType = wrapper.framework; path = ViewModel.framework; sourceTree = BUILT_PRODUCTS_DIR; };
		99CD751A21C2848B00382BEA /* MovieDetailsViewController.swift */ = {isa = PBXFileReference; lastKnownFileType = sourcecode.swift; path = MovieDetailsViewController.swift; sourceTree = "<group>"; };
		99CD754A21C29E7100382BEA /* Model.framework */ = {isa = PBXFileReference; explicitFileType = wrapper.framework; path = Model.framework; sourceTree = BUILT_PRODUCTS_DIR; };
/* End PBXFileReference section */

/* Begin PBXFrameworksBuildPhase section */
		9947073321C12AD40097F847 /* Frameworks */ = {
			isa = PBXFrameworksBuildPhase;
			buildActionMask = 2147483647;
			files = (
				9917941721C4EFE600FB3BEE /* Swinject.framework in Frameworks */,
				9917941921C4EFE600FB3BEE /* SwinjectStoryboard.framework in Frameworks */,
				9917941121C4EC4200FB3BEE /* ViewModel.framework in Frameworks */,
				99CD754B21C29E7100382BEA /* Model.framework in Frameworks */,
			);
			runOnlyForDeploymentPostprocessing = 0;
		};
/* End PBXFrameworksBuildPhase section */

/* Begin PBXGroup section */
		526977312D95E4F2F0E7C6EC /* Frameworks */ = {
			isa = PBXGroup;
			children = (
				9917941621C4EFE600FB3BEE /* Swinject.framework */,
				9917941821C4EFE600FB3BEE /* SwinjectStoryboard.framework */,
				9917941021C4EC4200FB3BEE /* ViewModel.framework */,
				999AF41721C4DA6800D08154 /* ViewModel.framework */,
				99CD754A21C29E7100382BEA /* Model.framework */,
				38A336833705A663B3400F0B /* Pods_BoostCamp.framework */,
			);
			name = Frameworks;
			sourceTree = "<group>";
		};
		991793F821C4E30C00FB3BEE /* Products */ = {
			isa = PBXGroup;
			children = (
				991793FC21C4E30C00FB3BEE /* ViewModelInterface.framework */,
			);
			name = Products;
			sourceTree = "<group>";
		};
		9917941321C4EECD00FB3BEE /* Injector */ = {
			isa = PBXGroup;
			children = (
				9917941421C4EF8E00FB3BEE /* SwinjectStoryboard.swift */,
			);
			path = Injector;
			sourceTree = "<group>";
		};
		9947072D21C12AD40097F847 = {
			isa = PBXGroup;
			children = (
				9947073821C12AD40097F847 /* BoostCamp */,
				9947073721C12AD40097F847 /* Products */,
				BAB19A70DA808BA3802E5978 /* Pods */,
				526977312D95E4F2F0E7C6EC /* Frameworks */,
			);
			sourceTree = "<group>";
		};
		9947073721C12AD40097F847 /* Products */ = {
			isa = PBXGroup;
			children = (
				9947073621C12AD40097F847 /* BoostCamp.app */,
			);
			name = Products;
			sourceTree = "<group>";
		};
		9947073821C12AD40097F847 /* BoostCamp */ = {
			isa = PBXGroup;
			children = (
				99CD750F21C1389000382BEA /* View */,
				9917941321C4EECD00FB3BEE /* Injector */,
				9947074721C12AD50097F847 /* Info.plist */,
				9947073921C12AD40097F847 /* AppDelegate.swift */,
				9947073F21C12AD40097F847 /* Main.storyboard */,
				9947074421C12AD50097F847 /* LaunchScreen.storyboard */,
				9947074221C12AD50097F847 /* Assets.xcassets */,
				991793F721C4E30C00FB3BEE /* ViewModelInterface.xcodeproj */,
			);
			path = BoostCamp;
			sourceTree = "<group>";
		};
		99CD750F21C1389000382BEA /* View */ = {
			isa = PBXGroup;
			children = (
				9947073B21C12AD40097F847 /* MoviesTableViewController.swift */,
				9947073D21C12AD40097F847 /* MoviesCollectionViewController.swift */,
				99CD751A21C2848B00382BEA /* MovieDetailsViewController.swift */,
				9917941A21C5010900FB3BEE /* TabBarController.swift */,
			);
			path = View;
			sourceTree = "<group>";
		};
		BAB19A70DA808BA3802E5978 /* Pods */ = {
			isa = PBXGroup;
			children = (
				2989B3A8A49415B8C5EACBB4 /* Pods-BoostCamp.debug.xcconfig */,
				51B0CB3B86A28F5074CA5E35 /* Pods-BoostCamp.release.xcconfig */,
			);
			path = Pods;
			sourceTree = "<group>";
		};
/* End PBXGroup section */

/* Begin PBXNativeTarget section */
		9947073521C12AD40097F847 /* BoostCamp */ = {
			isa = PBXNativeTarget;
			buildConfigurationList = 9947074A21C12AD50097F847 /* Build configuration list for PBXNativeTarget "BoostCamp" */;
			buildPhases = (
				1A5FAE82FC4E51E9658D0910 /* [CP] Check Pods Manifest.lock */,
				9947073221C12AD40097F847 /* Sources */,
				9947073321C12AD40097F847 /* Frameworks */,
				9947073421C12AD40097F847 /* Resources */,
				634B819A176F121B9A0F84A1 /* [CP] Embed Pods Frameworks */,
			);
			buildRules = (
			);
			dependencies = (
			);
			name = BoostCamp;
			productName = BoostCamp;
			productReference = 9947073621C12AD40097F847 /* BoostCamp.app */;
			productType = "com.apple.product-type.application";
		};
/* End PBXNativeTarget section */

/* Begin PBXProject section */
		9947072E21C12AD40097F847 /* Project object */ = {
			isa = PBXProject;
			attributes = {
				LastSwiftUpdateCheck = 1010;
				LastUpgradeCheck = 1010;
				ORGANIZATIONNAME = zhanggoniui;
				TargetAttributes = {
					9947073521C12AD40097F847 = {
						CreatedOnToolsVersion = 10.1;
					};
				};
			};
			buildConfigurationList = 9947073121C12AD40097F847 /* Build configuration list for PBXProject "BoostCamp" */;
			compatibilityVersion = "Xcode 9.3";
			developmentRegion = en;
			hasScannedForEncodings = 0;
			knownRegions = (
				en,
				Base,
			);
			mainGroup = 9947072D21C12AD40097F847;
			productRefGroup = 9947073721C12AD40097F847 /* Products */;
			projectDirPath = "";
			projectReferences = (
				{
					ProductGroup = 991793F821C4E30C00FB3BEE /* Products */;
					ProjectRef = 991793F721C4E30C00FB3BEE /* ViewModelInterface.xcodeproj */;
				},
			);
			projectRoot = "";
			targets = (
				9947073521C12AD40097F847 /* BoostCamp */,
			);
		};
/* End PBXProject section */

/* Begin PBXReferenceProxy section */
		991793FC21C4E30C00FB3BEE /* ViewModelInterface.framework */ = {
			isa = PBXReferenceProxy;
			fileType = wrapper.framework;
			path = ViewModelInterface.framework;
			remoteRef = 991793FB21C4E30C00FB3BEE /* PBXContainerItemProxy */;
			sourceTree = BUILT_PRODUCTS_DIR;
		};
/* End PBXReferenceProxy section */

/* Begin PBXResourcesBuildPhase section */
		9947073421C12AD40097F847 /* Resources */ = {
			isa = PBXResourcesBuildPhase;
			buildActionMask = 2147483647;
			files = (
				9947074621C12AD50097F847 /* LaunchScreen.storyboard in Resources */,
				9947074321C12AD50097F847 /* Assets.xcassets in Resources */,
				9947074121C12AD40097F847 /* Main.storyboard in Resources */,
			);
			runOnlyForDeploymentPostprocessing = 0;
		};
/* End PBXResourcesBuildPhase section */

/* Begin PBXShellScriptBuildPhase section */
		1A5FAE82FC4E51E9658D0910 /* [CP] Check Pods Manifest.lock */ = {
			isa = PBXShellScriptBuildPhase;
			buildActionMask = 2147483647;
			files = (
			);
			inputFileListPaths = (
			);
			inputPaths = (
				"${PODS_PODFILE_DIR_PATH}/Podfile.lock",
				"${PODS_ROOT}/Manifest.lock",
			);
			name = "[CP] Check Pods Manifest.lock";
			outputFileListPaths = (
			);
			outputPaths = (
				"$(DERIVED_FILE_DIR)/Pods-BoostCamp-checkManifestLockResult.txt",
			);
			runOnlyForDeploymentPostprocessing = 0;
			shellPath = /bin/sh;
			shellScript = "diff \"${PODS_PODFILE_DIR_PATH}/Podfile.lock\" \"${PODS_ROOT}/Manifest.lock\" > /dev/null\nif [ $? != 0 ] ; then\n    # print error to STDERR\n    echo \"error: The sandbox is not in sync with the Podfile.lock. Run 'pod install' or update your CocoaPods installation.\" >&2\n    exit 1\nfi\n# This output is used by Xcode 'outputs' to avoid re-running this script phase.\necho \"SUCCESS\" > \"${SCRIPT_OUTPUT_FILE_0}\"\n";
			showEnvVarsInLog = 0;
		};
		634B819A176F121B9A0F84A1 /* [CP] Embed Pods Frameworks */ = {
			isa = PBXShellScriptBuildPhase;
			buildActionMask = 2147483647;
			files = (
			);
			inputFileListPaths = (
			);
			inputPaths = (
				"${PODS_ROOT}/Target Support Files/Pods-BoostCamp/Pods-BoostCamp-frameworks.sh",
				"${BUILT_PRODUCTS_DIR}/RxAtomic/RxAtomic.framework",
				"${BUILT_PRODUCTS_DIR}/RxCocoa/RxCocoa.framework",
				"${BUILT_PRODUCTS_DIR}/RxSwift/RxSwift.framework",
				"${BUILT_PRODUCTS_DIR}/Swinject/Swinject.framework",
				"${BUILT_PRODUCTS_DIR}/SwinjectStoryboard/SwinjectStoryboard.framework",
			);
			name = "[CP] Embed Pods Frameworks";
			outputFileListPaths = (
			);
			outputPaths = (
				"${TARGET_BUILD_DIR}/${FRAMEWORKS_FOLDER_PATH}/RxAtomic.framework",
				"${TARGET_BUILD_DIR}/${FRAMEWORKS_FOLDER_PATH}/RxCocoa.framework",
				"${TARGET_BUILD_DIR}/${FRAMEWORKS_FOLDER_PATH}/RxSwift.framework",
				"${TARGET_BUILD_DIR}/${FRAMEWORKS_FOLDER_PATH}/Swinject.framework",
				"${TARGET_BUILD_DIR}/${FRAMEWORKS_FOLDER_PATH}/SwinjectStoryboard.framework",
			);
			runOnlyForDeploymentPostprocessing = 0;
			shellPath = /bin/sh;
			shellScript = "\"${PODS_ROOT}/Target Support Files/Pods-BoostCamp/Pods-BoostCamp-frameworks.sh\"\n";
			showEnvVarsInLog = 0;
		};
/* End PBXShellScriptBuildPhase section */

/* Begin PBXSourcesBuildPhase section */
		9947073221C12AD40097F847 /* Sources */ = {
			isa = PBXSourcesBuildPhase;
			buildActionMask = 2147483647;
			files = (
				99CD751B21C2848B00382BEA /* MovieDetailsViewController.swift in Sources */,
				9947073E21C12AD40097F847 /* MoviesCollectionViewController.swift in Sources */,
				9947073A21C12AD40097F847 /* AppDelegate.swift in Sources */,
				9917941B21C5010900FB3BEE /* TabBarController.swift in Sources */,
				9917941521C4EF8E00FB3BEE /* SwinjectStoryboard.swift in Sources */,
				9947073C21C12AD40097F847 /* MoviesTableViewController.swift in Sources */,
			);
			runOnlyForDeploymentPostprocessing = 0;
		};
/* End PBXSourcesBuildPhase section */

/* Begin PBXVariantGroup section */
		9947073F21C12AD40097F847 /* Main.storyboard */ = {
			isa = PBXVariantGroup;
			children = (
				9947074021C12AD40097F847 /* Base */,
			);
			name = Main.storyboard;
			sourceTree = "<group>";
		};
		9947074421C12AD50097F847 /* LaunchScreen.storyboard */ = {
			isa = PBXVariantGroup;
			children = (
				9947074521C12AD50097F847 /* Base */,
			);
			name = LaunchScreen.storyboard;
			sourceTree = "<group>";
		};
/* End PBXVariantGroup section */

/* Begin XCBuildConfiguration section */
		9947074821C12AD50097F847 /* Debug */ = {
			isa = XCBuildConfiguration;
			buildSettings = {
				ALWAYS_SEARCH_USER_PATHS = NO;
				CLANG_ANALYZER_NONNULL = YES;
				CLANG_ANALYZER_NUMBER_OBJECT_CONVERSION = YES_AGGRESSIVE;
				CLANG_CXX_LANGUAGE_STANDARD = "gnu++14";
				CLANG_CXX_LIBRARY = "libc++";
				CLANG_ENABLE_MODULES = YES;
				CLANG_ENABLE_OBJC_ARC = YES;
				CLANG_ENABLE_OBJC_WEAK = YES;
				CLANG_WARN_BLOCK_CAPTURE_AUTORELEASING = YES;
				CLANG_WARN_BOOL_CONVERSION = YES;
				CLANG_WARN_COMMA = YES;
				CLANG_WARN_CONSTANT_CONVERSION = YES;
				CLANG_WARN_DEPRECATED_OBJC_IMPLEMENTATIONS = YES;
				CLANG_WARN_DIRECT_OBJC_ISA_USAGE = YES_ERROR;
				CLANG_WARN_DOCUMENTATION_COMMENTS = YES;
				CLANG_WARN_EMPTY_BODY = YES;
				CLANG_WARN_ENUM_CONVERSION = YES;
				CLANG_WARN_INFINITE_RECURSION = YES;
				CLANG_WARN_INT_CONVERSION = YES;
				CLANG_WARN_NON_LITERAL_NULL_CONVERSION = YES;
				CLANG_WARN_OBJC_IMPLICIT_RETAIN_SELF = YES;
				CLANG_WARN_OBJC_LITERAL_CONVERSION = YES;
				CLANG_WARN_OBJC_ROOT_CLASS = YES_ERROR;
				CLANG_WARN_RANGE_LOOP_ANALYSIS = YES;
				CLANG_WARN_STRICT_PROTOTYPES = YES;
				CLANG_WARN_SUSPICIOUS_MOVE = YES;
				CLANG_WARN_UNGUARDED_AVAILABILITY = YES_AGGRESSIVE;
				CLANG_WARN_UNREACHABLE_CODE = YES;
				CLANG_WARN__DUPLICATE_METHOD_MATCH = YES;
				CODE_SIGN_IDENTITY = "iPhone Developer";
				COPY_PHASE_STRIP = NO;
				DEBUG_INFORMATION_FORMAT = dwarf;
				ENABLE_STRICT_OBJC_MSGSEND = YES;
				ENABLE_TESTABILITY = YES;
				GCC_C_LANGUAGE_STANDARD = gnu11;
				GCC_DYNAMIC_NO_PIC = NO;
				GCC_NO_COMMON_BLOCKS = YES;
				GCC_OPTIMIZATION_LEVEL = 0;
				GCC_PREPROCESSOR_DEFINITIONS = (
					"DEBUG=1",
					"$(inherited)",
				);
				GCC_WARN_64_TO_32_BIT_CONVERSION = YES;
				GCC_WARN_ABOUT_RETURN_TYPE = YES_ERROR;
				GCC_WARN_UNDECLARED_SELECTOR = YES;
				GCC_WARN_UNINITIALIZED_AUTOS = YES_AGGRESSIVE;
				GCC_WARN_UNUSED_FUNCTION = YES;
				GCC_WARN_UNUSED_VARIABLE = YES;
				IPHONEOS_DEPLOYMENT_TARGET = 12.1;
				MTL_ENABLE_DEBUG_INFO = INCLUDE_SOURCE;
				MTL_FAST_MATH = YES;
				ONLY_ACTIVE_ARCH = YES;
				SDKROOT = iphoneos;
				SWIFT_ACTIVE_COMPILATION_CONDITIONS = DEBUG;
				SWIFT_OPTIMIZATION_LEVEL = "-Onone";
			};
			name = Debug;
		};
		9947074921C12AD50097F847 /* Release */ = {
			isa = XCBuildConfiguration;
			buildSettings = {
				ALWAYS_SEARCH_USER_PATHS = NO;
				CLANG_ANALYZER_NONNULL = YES;
				CLANG_ANALYZER_NUMBER_OBJECT_CONVERSION = YES_AGGRESSIVE;
				CLANG_CXX_LANGUAGE_STANDARD = "gnu++14";
				CLANG_CXX_LIBRARY = "libc++";
				CLANG_ENABLE_MODULES = YES;
				CLANG_ENABLE_OBJC_ARC = YES;
				CLANG_ENABLE_OBJC_WEAK = YES;
				CLANG_WARN_BLOCK_CAPTURE_AUTORELEASING = YES;
				CLANG_WARN_BOOL_CONVERSION = YES;
				CLANG_WARN_COMMA = YES;
				CLANG_WARN_CONSTANT_CONVERSION = YES;
				CLANG_WARN_DEPRECATED_OBJC_IMPLEMENTATIONS = YES;
				CLANG_WARN_DIRECT_OBJC_ISA_USAGE = YES_ERROR;
				CLANG_WARN_DOCUMENTATION_COMMENTS = YES;
				CLANG_WARN_EMPTY_BODY = YES;
				CLANG_WARN_ENUM_CONVERSION = YES;
				CLANG_WARN_INFINITE_RECURSION = YES;
				CLANG_WARN_INT_CONVERSION = YES;
				CLANG_WARN_NON_LITERAL_NULL_CONVERSION = YES;
				CLANG_WARN_OBJC_IMPLICIT_RETAIN_SELF = YES;
				CLANG_WARN_OBJC_LITERAL_CONVERSION = YES;
				CLANG_WARN_OBJC_ROOT_CLASS = YES_ERROR;
				CLANG_WARN_RANGE_LOOP_ANALYSIS = YES;
				CLANG_WARN_STRICT_PROTOTYPES = YES;
				CLANG_WARN_SUSPICIOUS_MOVE = YES;
				CLANG_WARN_UNGUARDED_AVAILABILITY = YES_AGGRESSIVE;
				CLANG_WARN_UNREACHABLE_CODE = YES;
				CLANG_WARN__DUPLICATE_METHOD_MATCH = YES;
				CODE_SIGN_IDENTITY = "iPhone Developer";
				COPY_PHASE_STRIP = NO;
				DEBUG_INFORMATION_FORMAT = "dwarf-with-dsym";
				ENABLE_NS_ASSERTIONS = NO;
				ENABLE_STRICT_OBJC_MSGSEND = YES;
				GCC_C_LANGUAGE_STANDARD = gnu11;
				GCC_NO_COMMON_BLOCKS = YES;
				GCC_WARN_64_TO_32_BIT_CONVERSION = YES;
				GCC_WARN_ABOUT_RETURN_TYPE = YES_ERROR;
				GCC_WARN_UNDECLARED_SELECTOR = YES;
				GCC_WARN_UNINITIALIZED_AUTOS = YES_AGGRESSIVE;
				GCC_WARN_UNUSED_FUNCTION = YES;
				GCC_WARN_UNUSED_VARIABLE = YES;
				IPHONEOS_DEPLOYMENT_TARGET = 12.1;
				MTL_ENABLE_DEBUG_INFO = NO;
				MTL_FAST_MATH = YES;
				SDKROOT = iphoneos;
				SWIFT_COMPILATION_MODE = wholemodule;
				SWIFT_OPTIMIZATION_LEVEL = "-O";
				VALIDATE_PRODUCT = YES;
			};
			name = Release;
		};
		9947074B21C12AD50097F847 /* Debug */ = {
			isa = XCBuildConfiguration;
			baseConfigurationReference = 2989B3A8A49415B8C5EACBB4 /* Pods-BoostCamp.debug.xcconfig */;
			buildSettings = {
				ASSETCATALOG_COMPILER_APPICON_NAME = AppIcon;
				CODE_SIGN_STYLE = Automatic;
				INFOPLIST_FILE = BoostCamp/Info.plist;
				LD_RUNPATH_SEARCH_PATHS = (
					"$(inherited)",
					"@executable_path/Frameworks",
				);
				PRODUCT_BUNDLE_IDENTIFIER = goni.BoostCamp;
				PRODUCT_NAME = "$(TARGET_NAME)";
				SWIFT_VERSION = 4.2;
				TARGETED_DEVICE_FAMILY = "1,2";
			};
			name = Debug;
		};
		9947074C21C12AD50097F847 /* Release */ = {
			isa = XCBuildConfiguration;
			baseConfigurationReference = 51B0CB3B86A28F5074CA5E35 /* Pods-BoostCamp.release.xcconfig */;
			buildSettings = {
				ASSETCATALOG_COMPILER_APPICON_NAME = AppIcon;
				CODE_SIGN_STYLE = Automatic;
				INFOPLIST_FILE = BoostCamp/Info.plist;
				LD_RUNPATH_SEARCH_PATHS = (
					"$(inherited)",
					"@executable_path/Frameworks",
				);
				PRODUCT_BUNDLE_IDENTIFIER = goni.BoostCamp;
				PRODUCT_NAME = "$(TARGET_NAME)";
				SWIFT_VERSION = 4.2;
				TARGETED_DEVICE_FAMILY = "1,2";
			};
			name = Release;
		};
/* End XCBuildConfiguration section */

/* Begin XCConfigurationList section */
		9947073121C12AD40097F847 /* Build configuration list for PBXProject "BoostCamp" */ = {
			isa = XCConfigurationList;
			buildConfigurations = (
				9947074821C12AD50097F847 /* Debug */,
				9947074921C12AD50097F847 /* Release */,
			);
			defaultConfigurationIsVisible = 0;
			defaultConfigurationName = Release;
		};
		9947074A21C12AD50097F847 /* Build configuration list for PBXNativeTarget "BoostCamp" */ = {
			isa = XCConfigurationList;
			buildConfigurations = (
				9947074B21C12AD50097F847 /* Debug */,
				9947074C21C12AD50097F847 /* Release */,
			);
			defaultConfigurationIsVisible = 0;
			defaultConfigurationName = Release;
		};
/* End XCConfigurationList section */
	};
	rootObject = 9947072E21C12AD40097F847 /* Project object */;
}
